
Microsoft Visual Studio Solution File, Format Version 12.00
# Visual Studio Version 17
VisualStudioVersion = 17.14.36518.9
MinimumVisualStudioVersion = 10.0.40219.1
Project("{FAE04EC0-301F-11D3-BF4B-00C04F79EFBC}") = "Day 12_lab1", "Day 12_lab1.csproj", "{ECF9D84B-D2AF-43FE-A395-C5F7389C0CCE}"
EndProject
Global
	GlobalSection(SolutionConfigurationPlatforms) = preSolution
		Debug|Any CPU = Debug|Any CPU
		Release|Any CPU = Release|Any CPU
	EndGlobalSection
	GlobalSection(ProjectConfigurationPlatforms) = postSolution
		{ECF9D84B-D2AF-43FE-A395-C5F7389C0CCE}.Debug|Any CPU.ActiveCfg = Debug|Any CPU
		{ECF9D84B-D2AF-43FE-A395-C5F7389C0CCE}.Debug|Any CPU.Build.0 = Debug|Any CPU
		{ECF9D84B-D2AF-43FE-A395-C5F7389C0CCE}.Release|Any CPU.ActiveCfg = Release|Any CPU
		{ECF9D84B-D2AF-43FE-A395-C5F7389C0CCE}.Release|Any CPU.Build.0 = Release|Any CPU
	EndGlobalSection
	GlobalSection(SolutionProperties) = preSolution
		HideSolutionNode = FALSE
	EndGlobalSection
	GlobalSection(ExtensibilityGlobals) = postSolution
		SolutionGuid = {FA9C0124-1BEE-4C47-BB37-3EAEEA42421B}
	EndGlobalSection
EndGlobal
