
Microsoft Visual Studio Solution File, Format Version 12.00
# Visual Studio Version 17
VisualStudioVersion = 17.14.36408.4 d17.14
MinimumVisualStudioVersion = 10.0.40219.1
Project("{FAE04EC0-301F-11D3-BF4B-00C04F79EFBC}") = "NTH_231220800_lab01lab02", "NTH_231220800_lab01lab02.csproj", "{9067D385-B9AC-44E6-BD39-322A272B8A20}"
EndProject
Global
	GlobalSection(SolutionConfigurationPlatforms) = preSolution
		Debug|Any CPU = Debug|Any CPU
		Release|Any CPU = Release|Any CPU
	EndGlobalSection
	GlobalSection(ProjectConfigurationPlatforms) = postSolution
		{9067D385-B9AC-44E6-BD39-322A272B8A20}.Debug|Any CPU.ActiveCfg = Debug|Any CPU
		{9067D385-B9AC-44E6-BD39-322A272B8A20}.Debug|Any CPU.Build.0 = Debug|Any CPU
		{9067D385-B9AC-44E6-BD39-322A272B8A20}.Release|Any CPU.ActiveCfg = Release|Any CPU
		{9067D385-B9AC-44E6-BD39-322A272B8A20}.Release|Any CPU.Build.0 = Release|Any CPU
	EndGlobalSection
	GlobalSection(SolutionProperties) = preSolution
		HideSolutionNode = FALSE
	EndGlobalSection
	GlobalSection(ExtensibilityGlobals) = postSolution
		SolutionGuid = {7ABB2233-41C0-4D25-B481-C816135E08AA}
	EndGlobalSection
EndGlobal
